
Microsoft Visual Studio Solution File, Format Version 12.00
# Visual Studio 15
VisualStudioVersion = 15.0.28010.2041
MinimumVisualStudioVersion = 10.0.40219.1
Project("{FAE04EC0-301F-11D3-BF4B-00C04F79EFBC}") = "Api", "Api\Api.csproj", "{2582CDFB-1FE1-4DC1-AA69-07FF0F07DB3B}"
EndProject
Global
	GlobalSection(SolutionConfigurationPlatforms) = preSolution
		Debug|Any CPU = Debug|Any CPU
		Release|Any CPU = Release|Any CPU
	EndGlobalSection
	GlobalSection(ProjectConfigurationPlatforms) = postSolution
		{2582CDFB-1FE1-4DC1-AA69-07FF0F07DB3B}.Debug|Any CPU.ActiveCfg = Debug|Any CPU
		{2582CDFB-1FE1-4DC1-AA69-07FF0F07DB3B}.Debug|Any CPU.Build.0 = Debug|Any CPU
		{2582CDFB-1FE1-4DC1-AA69-07FF0F07DB3B}.Release|Any CPU.ActiveCfg = Release|Any CPU
		{2582CDFB-1FE1-4DC1-AA69-07FF0F07DB3B}.Release|Any CPU.Build.0 = Release|Any CPU
	EndGlobalSection
	GlobalSection(SolutionProperties) = preSolution
		HideSolutionNode = FALSE
	EndGlobalSection
	GlobalSection(ExtensibilityGlobals) = postSolution
		SolutionGuid = {D86AD22F-1010-46FB-8114-B7DBC00BBECE}
	EndGlobalSection
EndGlobal
